
Microsoft Visual Studio Solution File, Format Version 12.00
# Visual Studio Version 17
VisualStudioVersion = 17.6.33801.468
MinimumVisualStudioVersion = 10.0.40219.1
Project("{FAE04EC0-301F-11D3-BF4B-00C04F79EFBC}") = "Load Install Cache", "Load Install Cache\Load Install Cache.csproj", "{E0247058-3030-4D4B-9895-DC03BDAECCDC}"
EndProject
Global
	GlobalSection(SolutionConfigurationPlatforms) = preSolution
		Debug|Any CPU = Debug|Any CPU
		Release|Any CPU = Release|Any CPU
	EndGlobalSection
	GlobalSection(ProjectConfigurationPlatforms) = postSolution
		{E0247058-3030-4D4B-9895-DC03BDAECCDC}.Debug|Any CPU.ActiveCfg = Debug|Any CPU
		{E0247058-3030-4D4B-9895-DC03BDAECCDC}.Debug|Any CPU.Build.0 = Debug|Any CPU
		{E0247058-3030-4D4B-9895-DC03BDAECCDC}.Release|Any CPU.ActiveCfg = Release|Any CPU
		{E0247058-3030-4D4B-9895-DC03BDAECCDC}.Release|Any CPU.Build.0 = Release|Any CPU
	EndGlobalSection
	GlobalSection(SolutionProperties) = preSolution
		HideSolutionNode = FALSE
	EndGlobalSection
	GlobalSection(ExtensibilityGlobals) = postSolution
		SolutionGuid = {8F39464D-3677-4B29-AFB0-20DD7C91A8D4}
	EndGlobalSection
EndGlobal
