
Microsoft Visual Studio Solution File, Format Version 12.00
# Visual Studio Version 17
VisualStudioVersion = 17.7.34031.279
MinimumVisualStudioVersion = 10.0.40219.1
Project("{FAE04EC0-301F-11D3-BF4B-00C04F79EFBC}") = "V Slice", "V Slice\src\V Slice\V Slice.csproj", "{548B0204-3728-4FA5-A023-CB72D275B58F}"
EndProject
Project("{FAE04EC0-301F-11D3-BF4B-00C04F79EFBC}") = "V Slice.Unit.Tests", "V Slice\tests\V Slice.Unit.Tests\V Slice.Unit.Tests.csproj", "{624160F8-A234-48C4-A9C0-A8A4A20D7680}"
EndProject
Global
	GlobalSection(SolutionConfigurationPlatforms) = preSolution
		Debug|Any CPU = Debug|Any CPU
		Release|Any CPU = Release|Any CPU
	EndGlobalSection
	GlobalSection(ProjectConfigurationPlatforms) = postSolution
		{548B0204-3728-4FA5-A023-CB72D275B58F}.Debug|Any CPU.ActiveCfg = Debug|Any CPU
		{548B0204-3728-4FA5-A023-CB72D275B58F}.Debug|Any CPU.Build.0 = Debug|Any CPU
		{548B0204-3728-4FA5-A023-CB72D275B58F}.Release|Any CPU.ActiveCfg = Release|Any CPU
		{548B0204-3728-4FA5-A023-CB72D275B58F}.Release|Any CPU.Build.0 = Release|Any CPU
		{624160F8-A234-48C4-A9C0-A8A4A20D7680}.Debug|Any CPU.ActiveCfg = Debug|Any CPU
		{624160F8-A234-48C4-A9C0-A8A4A20D7680}.Debug|Any CPU.Build.0 = Debug|Any CPU
		{624160F8-A234-48C4-A9C0-A8A4A20D7680}.Release|Any CPU.ActiveCfg = Release|Any CPU
		{624160F8-A234-48C4-A9C0-A8A4A20D7680}.Release|Any CPU.Build.0 = Release|Any CPU
	EndGlobalSection
	GlobalSection(SolutionProperties) = preSolution
		HideSolutionNode = FALSE
	EndGlobalSection
	GlobalSection(ExtensibilityGlobals) = postSolution
		SolutionGuid = {80F01566-4F15-4528-9CC4-D5C6BD19E43B}
	EndGlobalSection
EndGlobal
