
Microsoft Visual Studio Solution File, Format Version 12.00
# Visual Studio Version 17
VisualStudioVersion = 17.7.34031.279
MinimumVisualStudioVersion = 10.0.40219.1
Project("{FAE04EC0-301F-11D3-BF4B-00C04F79EFBC}") = "Application", "SSW Clean\src\Application\Application.csproj", "{DB9D4F61-4A4C-402C-A479-9D3F4DC6D2A9}"
EndProject
Project("{FAE04EC0-301F-11D3-BF4B-00C04F79EFBC}") = "Domain", "SSW Clean\src\Domain\Domain.csproj", "{E208E7A2-6DE0-43CA-8187-70B524E33FC4}"
EndProject
Project("{FAE04EC0-301F-11D3-BF4B-00C04F79EFBC}") = "Infrastructure", "SSW Clean\src\Infrastructure\Infrastructure.csproj", "{2664ED7F-E5DA-4F27-BA8E-5E0CB565C19C}"
EndProject
Project("{FAE04EC0-301F-11D3-BF4B-00C04F79EFBC}") = "WebApi", "SSW Clean\src\WebApi\WebApi.csproj", "{0A1E0526-E1DD-4022-9BE7-897E5DF36DF1}"
EndProject
Project("{FAE04EC0-301F-11D3-BF4B-00C04F79EFBC}") = "Application.IntegrationTests", "SSW Clean\tests\Application.IntegrationTests\Application.IntegrationTests.csproj", "{8B1A0905-85C3-4B24-B783-6D0059CB4B21}"
EndProject
Project("{FAE04EC0-301F-11D3-BF4B-00C04F79EFBC}") = "Application.UnitTests", "SSW Clean\tests\Application.UnitTests\Application.UnitTests.csproj", "{1C49CABD-2CF3-4242-9B4C-9C4EBAD7B60D}"
EndProject
Project("{FAE04EC0-301F-11D3-BF4B-00C04F79EFBC}") = "Architecture.Tests", "SSW Clean\tests\Architecture.Tests\Architecture.Tests.csproj", "{0AD8FB70-E90D-493A-9607-66F73736FBCA}"
EndProject
Project("{FAE04EC0-301F-11D3-BF4B-00C04F79EFBC}") = "Domain.UnitTests", "SSW Clean\tests\Domain.UnitTests\Domain.UnitTests.csproj", "{9295C4D6-A7DA-4457-8709-3865BAB97F8D}"
EndProject
Global
	GlobalSection(SolutionConfigurationPlatforms) = preSolution
		Debug|Any CPU = Debug|Any CPU
		Release|Any CPU = Release|Any CPU
	EndGlobalSection
	GlobalSection(ProjectConfigurationPlatforms) = postSolution
		{DB9D4F61-4A4C-402C-A479-9D3F4DC6D2A9}.Debug|Any CPU.ActiveCfg = Debug|Any CPU
		{DB9D4F61-4A4C-402C-A479-9D3F4DC6D2A9}.Debug|Any CPU.Build.0 = Debug|Any CPU
		{DB9D4F61-4A4C-402C-A479-9D3F4DC6D2A9}.Release|Any CPU.ActiveCfg = Release|Any CPU
		{DB9D4F61-4A4C-402C-A479-9D3F4DC6D2A9}.Release|Any CPU.Build.0 = Release|Any CPU
		{E208E7A2-6DE0-43CA-8187-70B524E33FC4}.Debug|Any CPU.ActiveCfg = Debug|Any CPU
		{E208E7A2-6DE0-43CA-8187-70B524E33FC4}.Debug|Any CPU.Build.0 = Debug|Any CPU
		{E208E7A2-6DE0-43CA-8187-70B524E33FC4}.Release|Any CPU.ActiveCfg = Release|Any CPU
		{E208E7A2-6DE0-43CA-8187-70B524E33FC4}.Release|Any CPU.Build.0 = Release|Any CPU
		{2664ED7F-E5DA-4F27-BA8E-5E0CB565C19C}.Debug|Any CPU.ActiveCfg = Debug|Any CPU
		{2664ED7F-E5DA-4F27-BA8E-5E0CB565C19C}.Debug|Any CPU.Build.0 = Debug|Any CPU
		{2664ED7F-E5DA-4F27-BA8E-5E0CB565C19C}.Release|Any CPU.ActiveCfg = Release|Any CPU
		{2664ED7F-E5DA-4F27-BA8E-5E0CB565C19C}.Release|Any CPU.Build.0 = Release|Any CPU
		{0A1E0526-E1DD-4022-9BE7-897E5DF36DF1}.Debug|Any CPU.ActiveCfg = Debug|Any CPU
		{0A1E0526-E1DD-4022-9BE7-897E5DF36DF1}.Debug|Any CPU.Build.0 = Debug|Any CPU
		{0A1E0526-E1DD-4022-9BE7-897E5DF36DF1}.Release|Any CPU.ActiveCfg = Release|Any CPU
		{0A1E0526-E1DD-4022-9BE7-897E5DF36DF1}.Release|Any CPU.Build.0 = Release|Any CPU
		{8B1A0905-85C3-4B24-B783-6D0059CB4B21}.Debug|Any CPU.ActiveCfg = Debug|Any CPU
		{8B1A0905-85C3-4B24-B783-6D0059CB4B21}.Debug|Any CPU.Build.0 = Debug|Any CPU
		{8B1A0905-85C3-4B24-B783-6D0059CB4B21}.Release|Any CPU.ActiveCfg = Release|Any CPU
		{8B1A0905-85C3-4B24-B783-6D0059CB4B21}.Release|Any CPU.Build.0 = Release|Any CPU
		{1C49CABD-2CF3-4242-9B4C-9C4EBAD7B60D}.Debug|Any CPU.ActiveCfg = Debug|Any CPU
		{1C49CABD-2CF3-4242-9B4C-9C4EBAD7B60D}.Debug|Any CPU.Build.0 = Debug|Any CPU
		{1C49CABD-2CF3-4242-9B4C-9C4EBAD7B60D}.Release|Any CPU.ActiveCfg = Release|Any CPU
		{1C49CABD-2CF3-4242-9B4C-9C4EBAD7B60D}.Release|Any CPU.Build.0 = Release|Any CPU
		{0AD8FB70-E90D-493A-9607-66F73736FBCA}.Debug|Any CPU.ActiveCfg = Debug|Any CPU
		{0AD8FB70-E90D-493A-9607-66F73736FBCA}.Debug|Any CPU.Build.0 = Debug|Any CPU
		{0AD8FB70-E90D-493A-9607-66F73736FBCA}.Release|Any CPU.ActiveCfg = Release|Any CPU
		{0AD8FB70-E90D-493A-9607-66F73736FBCA}.Release|Any CPU.Build.0 = Release|Any CPU
		{9295C4D6-A7DA-4457-8709-3865BAB97F8D}.Debug|Any CPU.ActiveCfg = Debug|Any CPU
		{9295C4D6-A7DA-4457-8709-3865BAB97F8D}.Debug|Any CPU.Build.0 = Debug|Any CPU
		{9295C4D6-A7DA-4457-8709-3865BAB97F8D}.Release|Any CPU.ActiveCfg = Release|Any CPU
		{9295C4D6-A7DA-4457-8709-3865BAB97F8D}.Release|Any CPU.Build.0 = Release|Any CPU
	EndGlobalSection
	GlobalSection(SolutionProperties) = preSolution
		HideSolutionNode = FALSE
	EndGlobalSection
	GlobalSection(ExtensibilityGlobals) = postSolution
		SolutionGuid = {9CAD1EB1-6501-49AF-A224-BE9466A7D6FF}
	EndGlobalSection
EndGlobal
