
Microsoft Visual Studio Solution File, Format Version 12.00
# Visual Studio Version 17
VisualStudioVersion = 17.5.33516.290
MinimumVisualStudioVersion = 10.0.40219.1
Project("{9A19103F-16F7-4668-BE54-9A1E7A4F7556}") = "MinimalApi.Api", "MinimalApi\MinimalApi.Api.csproj", "{10D70D20-442D-4DE2-9EF8-BE85D6A18633}"
EndProject
Project("{2150E333-8FDC-42A3-9474-1A3956D46DE8}") = "Core", "Core", "{B20B8E76-8B88-45DE-B298-3929DE2AE49C}"
EndProject
Project("{9A19103F-16F7-4668-BE54-9A1E7A4F7556}") = "Stratos Core", "..\..\stratos-core\Stratos Core\Stratos Core.csproj", "{8F178D3F-1524-4F59-9EDC-7C104B93CC5B}"
EndProject
Project("{9A19103F-16F7-4668-BE54-9A1E7A4F7556}") = "Stratos Core Data", "..\..\stratos-core\Stratos Core Data\Stratos Core Data.csproj", "{32962E81-AD97-46E6-B23E-25FC638795D9}"
EndProject
Project("{9A19103F-16F7-4668-BE54-9A1E7A4F7556}") = "Stratos Core Query", "..\..\stratos-core\Stratos Core Query\Stratos Core Query.csproj", "{C669303D-D62E-40C3-A27A-E0EF0C0A9F55}"
EndProject
Project("{9A19103F-16F7-4668-BE54-9A1E7A4F7556}") = "Stratos Core Web Api", "..\..\stratos-core\Stratos Core Web Api\Stratos Core Web Api.csproj", "{CD4BDE56-9D57-4ED6-B501-11FDBFA20B7C}"
EndProject
Project("{9A19103F-16F7-4668-BE54-9A1E7A4F7556}") = "MinimalApi.Api.Tests", "Tests\MinimalApi.Api.Tests.csproj", "{47B062FA-9051-4E42-8E76-111F229A60B4}"
EndProject
Global
	GlobalSection(SolutionConfigurationPlatforms) = preSolution
		Debug|Any CPU = Debug|Any CPU
		Release|Any CPU = Release|Any CPU
	EndGlobalSection
	GlobalSection(ProjectConfigurationPlatforms) = postSolution
		{10D70D20-442D-4DE2-9EF8-BE85D6A18633}.Debug|Any CPU.ActiveCfg = Debug|Any CPU
		{10D70D20-442D-4DE2-9EF8-BE85D6A18633}.Debug|Any CPU.Build.0 = Debug|Any CPU
		{10D70D20-442D-4DE2-9EF8-BE85D6A18633}.Release|Any CPU.ActiveCfg = Release|Any CPU
		{10D70D20-442D-4DE2-9EF8-BE85D6A18633}.Release|Any CPU.Build.0 = Release|Any CPU
		{8F178D3F-1524-4F59-9EDC-7C104B93CC5B}.Debug|Any CPU.ActiveCfg = Debug|Any CPU
		{8F178D3F-1524-4F59-9EDC-7C104B93CC5B}.Debug|Any CPU.Build.0 = Debug|Any CPU
		{8F178D3F-1524-4F59-9EDC-7C104B93CC5B}.Release|Any CPU.ActiveCfg = Release|Any CPU
		{8F178D3F-1524-4F59-9EDC-7C104B93CC5B}.Release|Any CPU.Build.0 = Release|Any CPU
		{32962E81-AD97-46E6-B23E-25FC638795D9}.Debug|Any CPU.ActiveCfg = Debug|Any CPU
		{32962E81-AD97-46E6-B23E-25FC638795D9}.Debug|Any CPU.Build.0 = Debug|Any CPU
		{32962E81-AD97-46E6-B23E-25FC638795D9}.Release|Any CPU.ActiveCfg = Release|Any CPU
		{32962E81-AD97-46E6-B23E-25FC638795D9}.Release|Any CPU.Build.0 = Release|Any CPU
		{C669303D-D62E-40C3-A27A-E0EF0C0A9F55}.Debug|Any CPU.ActiveCfg = Debug|Any CPU
		{C669303D-D62E-40C3-A27A-E0EF0C0A9F55}.Debug|Any CPU.Build.0 = Debug|Any CPU
		{C669303D-D62E-40C3-A27A-E0EF0C0A9F55}.Release|Any CPU.ActiveCfg = Release|Any CPU
		{C669303D-D62E-40C3-A27A-E0EF0C0A9F55}.Release|Any CPU.Build.0 = Release|Any CPU
		{CD4BDE56-9D57-4ED6-B501-11FDBFA20B7C}.Debug|Any CPU.ActiveCfg = Debug|Any CPU
		{CD4BDE56-9D57-4ED6-B501-11FDBFA20B7C}.Debug|Any CPU.Build.0 = Debug|Any CPU
		{CD4BDE56-9D57-4ED6-B501-11FDBFA20B7C}.Release|Any CPU.ActiveCfg = Release|Any CPU
		{CD4BDE56-9D57-4ED6-B501-11FDBFA20B7C}.Release|Any CPU.Build.0 = Release|Any CPU
		{47B062FA-9051-4E42-8E76-111F229A60B4}.Debug|Any CPU.ActiveCfg = Debug|Any CPU
		{47B062FA-9051-4E42-8E76-111F229A60B4}.Debug|Any CPU.Build.0 = Debug|Any CPU
		{47B062FA-9051-4E42-8E76-111F229A60B4}.Release|Any CPU.ActiveCfg = Release|Any CPU
		{47B062FA-9051-4E42-8E76-111F229A60B4}.Release|Any CPU.Build.0 = Release|Any CPU
	EndGlobalSection
	GlobalSection(SolutionProperties) = preSolution
		HideSolutionNode = FALSE
	EndGlobalSection
	GlobalSection(NestedProjects) = preSolution
		{8F178D3F-1524-4F59-9EDC-7C104B93CC5B} = {B20B8E76-8B88-45DE-B298-3929DE2AE49C}
		{32962E81-AD97-46E6-B23E-25FC638795D9} = {B20B8E76-8B88-45DE-B298-3929DE2AE49C}
		{C669303D-D62E-40C3-A27A-E0EF0C0A9F55} = {B20B8E76-8B88-45DE-B298-3929DE2AE49C}
		{CD4BDE56-9D57-4ED6-B501-11FDBFA20B7C} = {B20B8E76-8B88-45DE-B298-3929DE2AE49C}
	EndGlobalSection
	GlobalSection(ExtensibilityGlobals) = postSolution
		SolutionGuid = {DB8177F1-10CF-4D23-85CD-E47A55C7DBA5}
	EndGlobalSection
EndGlobal
