
Microsoft Visual Studio Solution File, Format Version 12.00
# Visual Studio Version 17
VisualStudioVersion = 17.8.34309.116
MinimumVisualStudioVersion = 10.0.40219.1
Project("{9A19103F-16F7-4668-BE54-9A1E7A4F7556}") = "GrpcService1", "GrpcService1\GrpcService1.csproj", "{EF29DAD3-BA37-473C-AB7E-A25B61F153E0}"
EndProject
Project("{FAE04EC0-301F-11D3-BF4B-00C04F79EFBC}") = "ConsoleApp1", "ConsoleApp1\ConsoleApp1.csproj", "{A52DAD6F-54D5-46FE-B24C-DC23790D5F98}"
EndProject
Global
	GlobalSection(SolutionConfigurationPlatforms) = preSolution
		Debug|Any CPU = Debug|Any CPU
		Release|Any CPU = Release|Any CPU
	EndGlobalSection
	GlobalSection(ProjectConfigurationPlatforms) = postSolution
		{EF29DAD3-BA37-473C-AB7E-A25B61F153E0}.Debug|Any CPU.ActiveCfg = Debug|Any CPU
		{EF29DAD3-BA37-473C-AB7E-A25B61F153E0}.Debug|Any CPU.Build.0 = Debug|Any CPU
		{EF29DAD3-BA37-473C-AB7E-A25B61F153E0}.Release|Any CPU.ActiveCfg = Release|Any CPU
		{EF29DAD3-BA37-473C-AB7E-A25B61F153E0}.Release|Any CPU.Build.0 = Release|Any CPU
		{A52DAD6F-54D5-46FE-B24C-DC23790D5F98}.Debug|Any CPU.ActiveCfg = Debug|Any CPU
		{A52DAD6F-54D5-46FE-B24C-DC23790D5F98}.Debug|Any CPU.Build.0 = Debug|Any CPU
		{A52DAD6F-54D5-46FE-B24C-DC23790D5F98}.Release|Any CPU.ActiveCfg = Release|Any CPU
		{A52DAD6F-54D5-46FE-B24C-DC23790D5F98}.Release|Any CPU.Build.0 = Release|Any CPU
	EndGlobalSection
	GlobalSection(SolutionProperties) = preSolution
		HideSolutionNode = FALSE
	EndGlobalSection
	GlobalSection(ExtensibilityGlobals) = postSolution
		SolutionGuid = {242B213C-0554-4F8A-ABF1-41ADDE62151F}
	EndGlobalSection
EndGlobal
